# This file is automatically @generated by Cargo.
# It is not intended for manual editing.
version = 4

[[package]]
name = "oho-common"
version = "0.1.0"

[[package]]
name = "oho-file"
version = "0.1.0"

[[package]]
name = "oho-job"
version = "0.1.0"

[[package]]
name = "oho-server"
version = "0.1.0"

[[package]]
name = "oho-system"
version = "0.1.0"
